// !$*UTF8*$!
{
	archiveVersion = 1;
	classes = {
	};
	objectVersion = 56;
	objects = {

/* Begin PBXBuildFile section */
		097035722C9030D9000A5A48 /* SearchWeatherView.swift in Sources */ = {isa = PBXBuildFile; fileRef = 097035712C9030D9000A5A48 /* SearchWeatherView.swift */; };
		0970357C2C903691000A5A48 /* NetworkManager.swift in Sources */ = {isa = PBXBuildFile; fileRef = 0970357B2C903691000A5A48 /* NetworkManager.swift */; };
		097035802C903CA4000A5A48 /* WeatherRepository.swift in Sources */ = {isa = PBXBuildFile; fileRef = 0970357F2C903CA4000A5A48 /* WeatherRepository.swift */; };
		097035822C903D44000A5A48 /* WeatherAPI.swift in Sources */ = {isa = PBXBuildFile; fileRef = 097035812C903D44000A5A48 /* WeatherAPI.swift */; };
		097035842C904237000A5A48 /* EndPoint.swift in Sources */ = {isa = PBXBuildFile; fileRef = 097035832C904237000A5A48 /* EndPoint.swift */; };
		097035862C90B6C4000A5A48 /* ViewExtention.swift in Sources */ = {isa = PBXBuildFile; fileRef = 097035852C90B6C4000A5A48 /* ViewExtention.swift */; };
		0970358B2C91BF9E000A5A48 /* citylist.json in Resources */ = {isa = PBXBuildFile; fileRef = 0970358A2C91BF9E000A5A48 /* citylist.json */; };
		0970358D2C91C19A000A5A48 /* SearchBar.swift in Sources */ = {isa = PBXBuildFile; fileRef = 0970358C2C91C19A000A5A48 /* SearchBar.swift */; };
		0970358F2C91D680000A5A48 /* CityData.swift in Sources */ = {isa = PBXBuildFile; fileRef = 0970358E2C91D680000A5A48 /* CityData.swift */; };
		097035912C91D6D8000A5A48 /* CityRepository.swift in Sources */ = {isa = PBXBuildFile; fileRef = 097035902C91D6D8000A5A48 /* CityRepository.swift */; };
		097035932C91D7D0000A5A48 /* CitySearchViewModel.swift in Sources */ = {isa = PBXBuildFile; fileRef = 097035922C91D7D0000A5A48 /* CitySearchViewModel.swift */; };
		097035952C92DB33000A5A48 /* MapView.swift in Sources */ = {isa = PBXBuildFile; fileRef = 097035942C92DB33000A5A48 /* MapView.swift */; };
		097035972C931882000A5A48 /* Property List.plist in Resources */ = {isa = PBXBuildFile; fileRef = 097035962C931882000A5A48 /* Property List.plist */; };
		097035992C933A06000A5A48 /* WeatherForecastData.swift in Sources */ = {isa = PBXBuildFile; fileRef = 097035982C933A06000A5A48 /* WeatherForecastData.swift */; };
		099FF38E2C8EEEC60058E568 /* Autocrypt_iOSApp.swift in Sources */ = {isa = PBXBuildFile; fileRef = 099FF38D2C8EEEC60058E568 /* Autocrypt_iOSApp.swift */; };
		099FF3902C8EEEC60058E568 /* MainWeatherView.swift in Sources */ = {isa = PBXBuildFile; fileRef = 099FF38F2C8EEEC60058E568 /* MainWeatherView.swift */; };
		099FF3922C8EEEC80058E568 /* Assets.xcassets in Resources */ = {isa = PBXBuildFile; fileRef = 099FF3912C8EEEC80058E568 /* Assets.xcassets */; };
		099FF3952C8EEEC80058E568 /* Preview Assets.xcassets in Resources */ = {isa = PBXBuildFile; fileRef = 099FF3942C8EEEC80058E568 /* Preview Assets.xcassets */; };
		099FF39F2C8EEEC80058E568 /* Autocrypt_iOSTests.swift in Sources */ = {isa = PBXBuildFile; fileRef = 099FF39E2C8EEEC80058E568 /* Autocrypt_iOSTests.swift */; };
		099FF3A92C8EEEC80058E568 /* Autocrypt_iOSUITests.swift in Sources */ = {isa = PBXBuildFile; fileRef = 099FF3A82C8EEEC80058E568 /* Autocrypt_iOSUITests.swift */; };
		099FF3AB2C8EEEC80058E568 /* Autocrypt_iOSUITestsLaunchTests.swift in Sources */ = {isa = PBXBuildFile; fileRef = 099FF3AA2C8EEEC80058E568 /* Autocrypt_iOSUITestsLaunchTests.swift */; };
		099FF3B92C8EEF1B0058E568 /* RxCocoa in Frameworks */ = {isa = PBXBuildFile; productRef = 099FF3B82C8EEF1B0058E568 /* RxCocoa */; };
		099FF3BB2C8EEF1B0058E568 /* RxRelay in Frameworks */ = {isa = PBXBuildFile; productRef = 099FF3BA2C8EEF1B0058E568 /* RxRelay */; };
		099FF3BD2C8EEF1B0058E568 /* RxSwift in Frameworks */ = {isa = PBXBuildFile; productRef = 099FF3BC2C8EEF1B0058E568 /* RxSwift */; };
		099FF3CD2C8EEF4B0058E568 /* ColorExtension.swift in Sources */ = {isa = PBXBuildFile; fileRef = 099FF3BE2C8EEF4B0058E568 /* ColorExtension.swift */; };
		099FF3CE2C8EEF4B0058E568 /* FontExtension.swift in Sources */ = {isa = PBXBuildFile; fileRef = 099FF3BF2C8EEF4B0058E568 /* FontExtension.swift */; };
		099FF3D02C8EEF4B0058E568 /* WeatherData.swift in Sources */ = {isa = PBXBuildFile; fileRef = 099FF3C32C8EEF4B0058E568 /* WeatherData.swift */; };
		099FF3D12C8EEF4B0058E568 /* WeatherViewModel.swift in Sources */ = {isa = PBXBuildFile; fileRef = 099FF3C42C8EEF4B0058E568 /* WeatherViewModel.swift */; };
/* End PBXBuildFile section */

/* Begin PBXContainerItemProxy section */
		099FF39B2C8EEEC80058E568 /* PBXContainerItemProxy */ = {
			isa = PBXContainerItemProxy;
			containerPortal = 099FF3822C8EEEC60058E568 /* Project object */;
			proxyType = 1;
			remoteGlobalIDString = 099FF3892C8EEEC60058E568;
			remoteInfo = Autocrypt_iOS;
		};
		099FF3A52C8EEEC80058E568 /* PBXContainerItemProxy */ = {
			isa = PBXContainerItemProxy;
			containerPortal = 099FF3822C8EEEC60058E568 /* Project object */;
			proxyType = 1;
			remoteGlobalIDString = 099FF3892C8EEEC60058E568;
			remoteInfo = Autocrypt_iOS;
		};
/* End PBXContainerItemProxy section */

/* Begin PBXFileReference section */
		097035712C9030D9000A5A48 /* SearchWeatherView.swift */ = {isa = PBXFileReference; lastKnownFileType = sourcecode.swift; path = SearchWeatherView.swift; sourceTree = "<group>"; };
		0970357B2C903691000A5A48 /* NetworkManager.swift */ = {isa = PBXFileReference; lastKnownFileType = sourcecode.swift; path = NetworkManager.swift; sourceTree = "<group>"; };
		0970357F2C903CA4000A5A48 /* WeatherRepository.swift */ = {isa = PBXFileReference; lastKnownFileType = sourcecode.swift; path = WeatherRepository.swift; sourceTree = "<group>"; };
		097035812C903D44000A5A48 /* WeatherAPI.swift */ = {isa = PBXFileReference; lastKnownFileType = sourcecode.swift; path = WeatherAPI.swift; sourceTree = "<group>"; };
		097035832C904237000A5A48 /* EndPoint.swift */ = {isa = PBXFileReference; lastKnownFileType = sourcecode.swift; path = EndPoint.swift; sourceTree = "<group>"; };
		097035852C90B6C4000A5A48 /* ViewExtention.swift */ = {isa = PBXFileReference; lastKnownFileType = sourcecode.swift; path = ViewExtention.swift; sourceTree = "<group>"; };
		0970358A2C91BF9E000A5A48 /* citylist.json */ = {isa = PBXFileReference; fileEncoding = 4; lastKnownFileType = text.json; path = citylist.json; sourceTree = "<group>"; };
		0970358C2C91C19A000A5A48 /* SearchBar.swift */ = {isa = PBXFileReference; lastKnownFileType = sourcecode.swift; path = SearchBar.swift; sourceTree = "<group>"; };
		0970358E2C91D680000A5A48 /* CityData.swift */ = {isa = PBXFileReference; lastKnownFileType = sourcecode.swift; path = CityData.swift; sourceTree = "<group>"; };
		097035902C91D6D8000A5A48 /* CityRepository.swift */ = {isa = PBXFileReference; lastKnownFileType = sourcecode.swift; path = CityRepository.swift; sourceTree = "<group>"; };
		097035922C91D7D0000A5A48 /* CitySearchViewModel.swift */ = {isa = PBXFileReference; lastKnownFileType = sourcecode.swift; path = CitySearchViewModel.swift; sourceTree = "<group>"; };
		097035942C92DB33000A5A48 /* MapView.swift */ = {isa = PBXFileReference; lastKnownFileType = sourcecode.swift; path = MapView.swift; sourceTree = "<group>"; };
		097035962C931882000A5A48 /* Property List.plist */ = {isa = PBXFileReference; lastKnownFileType = text.plist.xml; path = "Property List.plist"; sourceTree = "<group>"; };
		097035982C933A06000A5A48 /* WeatherForecastData.swift */ = {isa = PBXFileReference; lastKnownFileType = sourcecode.swift; path = WeatherForecastData.swift; sourceTree = "<group>"; };
		099FF38A2C8EEEC60058E568 /* Autocrypt_iOS.app */ = {isa = PBXFileReference; explicitFileType = wrapper.application; includeInIndex = 0; path = Autocrypt_iOS.app; sourceTree = BUILT_PRODUCTS_DIR; };
		099FF38D2C8EEEC60058E568 /* Autocrypt_iOSApp.swift */ = {isa = PBXFileReference; lastKnownFileType = sourcecode.swift; path = Autocrypt_iOSApp.swift; sourceTree = "<group>"; };
		099FF38F2C8EEEC60058E568 /* MainWeatherView.swift */ = {isa = PBXFileReference; lastKnownFileType = sourcecode.swift; path = MainWeatherView.swift; sourceTree = "<group>"; };
		099FF3912C8EEEC80058E568 /* Assets.xcassets */ = {isa = PBXFileReference; lastKnownFileType = folder.assetcatalog; path = Assets.xcassets; sourceTree = "<group>"; };
		099FF3942C8EEEC80058E568 /* Preview Assets.xcassets */ = {isa = PBXFileReference; lastKnownFileType = folder.assetcatalog; path = "Preview Assets.xcassets"; sourceTree = "<group>"; };
		099FF39A2C8EEEC80058E568 /* Autocrypt_iOSTests.xctest */ = {isa = PBXFileReference; explicitFileType = wrapper.cfbundle; includeInIndex = 0; path = Autocrypt_iOSTests.xctest; sourceTree = BUILT_PRODUCTS_DIR; };
		099FF39E2C8EEEC80058E568 /* Autocrypt_iOSTests.swift */ = {isa = PBXFileReference; lastKnownFileType = sourcecode.swift; path = Autocrypt_iOSTests.swift; sourceTree = "<group>"; };
		099FF3A42C8EEEC80058E568 /* Autocrypt_iOSUITests.xctest */ = {isa = PBXFileReference; explicitFileType = wrapper.cfbundle; includeInIndex = 0; path = Autocrypt_iOSUITests.xctest; sourceTree = BUILT_PRODUCTS_DIR; };
		099FF3A82C8EEEC80058E568 /* Autocrypt_iOSUITests.swift */ = {isa = PBXFileReference; lastKnownFileType = sourcecode.swift; path = Autocrypt_iOSUITests.swift; sourceTree = "<group>"; };
		099FF3AA2C8EEEC80058E568 /* Autocrypt_iOSUITestsLaunchTests.swift */ = {isa = PBXFileReference; lastKnownFileType = sourcecode.swift; path = Autocrypt_iOSUITestsLaunchTests.swift; sourceTree = "<group>"; };
		099FF3BE2C8EEF4B0058E568 /* ColorExtension.swift */ = {isa = PBXFileReference; fileEncoding = 4; lastKnownFileType = sourcecode.swift; path = ColorExtension.swift; sourceTree = "<group>"; };
		099FF3BF2C8EEF4B0058E568 /* FontExtension.swift */ = {isa = PBXFileReference; fileEncoding = 4; lastKnownFileType = sourcecode.swift; path = FontExtension.swift; sourceTree = "<group>"; };
		099FF3C32C8EEF4B0058E568 /* WeatherData.swift */ = {isa = PBXFileReference; fileEncoding = 4; lastKnownFileType = sourcecode.swift; path = WeatherData.swift; sourceTree = "<group>"; };
		099FF3C42C8EEF4B0058E568 /* WeatherViewModel.swift */ = {isa = PBXFileReference; fileEncoding = 4; lastKnownFileType = sourcecode.swift; path = WeatherViewModel.swift; sourceTree = "<group>"; };
/* End PBXFileReference section */

/* Begin PBXFrameworksBuildPhase section */
		099FF3872C8EEEC60058E568 /* Frameworks */ = {
			isa = PBXFrameworksBuildPhase;
			buildActionMask = 2147483647;
			files = (
				099FF3BD2C8EEF1B0058E568 /* RxSwift in Frameworks */,
				099FF3BB2C8EEF1B0058E568 /* RxRelay in Frameworks */,
				099FF3B92C8EEF1B0058E568 /* RxCocoa in Frameworks */,
			);
			runOnlyForDeploymentPostprocessing = 0;
		};
		099FF3972C8EEEC80058E568 /* Frameworks */ = {
			isa = PBXFrameworksBuildPhase;
			buildActionMask = 2147483647;
			files = (
			);
			runOnlyForDeploymentPostprocessing = 0;
		};
		099FF3A12C8EEEC80058E568 /* Frameworks */ = {
			isa = PBXFrameworksBuildPhase;
			buildActionMask = 2147483647;
			files = (
			);
			runOnlyForDeploymentPostprocessing = 0;
		};
/* End PBXFrameworksBuildPhase section */

/* Begin PBXGroup section */
		097035732C903128000A5A48 /* Main */ = {
			isa = PBXGroup;
			children = (
				099FF3C32C8EEF4B0058E568 /* WeatherData.swift */,
				097035982C933A06000A5A48 /* WeatherForecastData.swift */,
				099FF3C42C8EEF4B0058E568 /* WeatherViewModel.swift */,
			);
			path = Main;
			sourceTree = "<group>";
		};
		097035742C90313B000A5A48 /* Search */ = {
			isa = PBXGroup;
			children = (
				0970358E2C91D680000A5A48 /* CityData.swift */,
				097035922C91D7D0000A5A48 /* CitySearchViewModel.swift */,
			);
			path = Search;
			sourceTree = "<group>";
		};
		097035762C9031E9000A5A48 /* API+Repository */ = {
			isa = PBXGroup;
			children = (
				097035812C903D44000A5A48 /* WeatherAPI.swift */,
				0970357F2C903CA4000A5A48 /* WeatherRepository.swift */,
				097035902C91D6D8000A5A48 /* CityRepository.swift */,
			);
			path = "API+Repository";
			sourceTree = "<group>";
		};
		0970357A2C90360E000A5A48 /* Network */ = {
			isa = PBXGroup;
			children = (
				0970357B2C903691000A5A48 /* NetworkManager.swift */,
				097035832C904237000A5A48 /* EndPoint.swift */,
			);
			path = Network;
			sourceTree = "<group>";
		};
		097035872C91BF21000A5A48 /* Json */ = {
			isa = PBXGroup;
			children = (
				0970358A2C91BF9E000A5A48 /* citylist.json */,
			);
			path = Json;
			sourceTree = "<group>";
		};
		099FF3812C8EEEC60058E568 = {
			isa = PBXGroup;
			children = (
				097035962C931882000A5A48 /* Property List.plist */,
				099FF38C2C8EEEC60058E568 /* Autocrypt_iOS */,
				099FF39D2C8EEEC80058E568 /* Autocrypt_iOSTests */,
				099FF3A72C8EEEC80058E568 /* Autocrypt_iOSUITests */,
				099FF38B2C8EEEC60058E568 /* Products */,
			);
			sourceTree = "<group>";
		};
		099FF38B2C8EEEC60058E568 /* Products */ = {
			isa = PBXGroup;
			children = (
				099FF38A2C8EEEC60058E568 /* Autocrypt_iOS.app */,
				099FF39A2C8EEEC80058E568 /* Autocrypt_iOSTests.xctest */,
				099FF3A42C8EEEC80058E568 /* Autocrypt_iOSUITests.xctest */,
			);
			name = Products;
			sourceTree = "<group>";
		};
		099FF38C2C8EEEC60058E568 /* Autocrypt_iOS */ = {
			isa = PBXGroup;
			children = (
				099FF3932C8EEEC80058E568 /* Preview Content */,
				099FF38D2C8EEEC60058E568 /* Autocrypt_iOSApp.swift */,
				099FF3912C8EEEC80058E568 /* Assets.xcassets */,
				0970357A2C90360E000A5A48 /* Network */,
				097035762C9031E9000A5A48 /* API+Repository */,
				099FF3C02C8EEF4B0058E568 /* Support */,
				099FF3C52C8EEF4B0058E568 /* Model */,
				099FF3CC2C8EEF4B0058E568 /* Views */,
				099FF3D42C8EF0160058E568 /* UIComponent */,
			);
			path = Autocrypt_iOS;
			sourceTree = "<group>";
		};
		099FF3932C8EEEC80058E568 /* Preview Content */ = {
			isa = PBXGroup;
			children = (
				099FF3942C8EEEC80058E568 /* Preview Assets.xcassets */,
			);
			path = "Preview Content";
			sourceTree = "<group>";
		};
		099FF39D2C8EEEC80058E568 /* Autocrypt_iOSTests */ = {
			isa = PBXGroup;
			children = (
				099FF39E2C8EEEC80058E568 /* Autocrypt_iOSTests.swift */,
			);
			path = Autocrypt_iOSTests;
			sourceTree = "<group>";
		};
		099FF3A72C8EEEC80058E568 /* Autocrypt_iOSUITests */ = {
			isa = PBXGroup;
			children = (
				099FF3A82C8EEEC80058E568 /* Autocrypt_iOSUITests.swift */,
				099FF3AA2C8EEEC80058E568 /* Autocrypt_iOSUITestsLaunchTests.swift */,
			);
			path = Autocrypt_iOSUITests;
			sourceTree = "<group>";
		};
		099FF3C02C8EEF4B0058E568 /* Support */ = {
			isa = PBXGroup;
			children = (
				097035872C91BF21000A5A48 /* Json */,
				099FF3BE2C8EEF4B0058E568 /* ColorExtension.swift */,
				099FF3BF2C8EEF4B0058E568 /* FontExtension.swift */,
				097035852C90B6C4000A5A48 /* ViewExtention.swift */,
			);
			path = Support;
			sourceTree = "<group>";
		};
		099FF3C52C8EEF4B0058E568 /* Model */ = {
			isa = PBXGroup;
			children = (
				097035742C90313B000A5A48 /* Search */,
				097035732C903128000A5A48 /* Main */,
			);
			path = Model;
			sourceTree = "<group>";
		};
		099FF3CC2C8EEF4B0058E568 /* Views */ = {
			isa = PBXGroup;
			children = (
				099FF38F2C8EEEC60058E568 /* MainWeatherView.swift */,
				097035712C9030D9000A5A48 /* SearchWeatherView.swift */,
			);
			path = Views;
			sourceTree = "<group>";
		};
		099FF3D42C8EF0160058E568 /* UIComponent */ = {
			isa = PBXGroup;
			children = (
				0970358C2C91C19A000A5A48 /* SearchBar.swift */,
				097035942C92DB33000A5A48 /* MapView.swift */,
			);
			path = UIComponent;
			sourceTree = "<group>";
		};
/* End PBXGroup section */

/* Begin PBXNativeTarget section */
		099FF3892C8EEEC60058E568 /* Autocrypt_iOS */ = {
			isa = PBXNativeTarget;
			buildConfigurationList = 099FF3AE2C8EEEC80058E568 /* Build configuration list for PBXNativeTarget "Autocrypt_iOS" */;
			buildPhases = (
				099FF3862C8EEEC60058E568 /* Sources */,
				099FF3872C8EEEC60058E568 /* Frameworks */,
				099FF3882C8EEEC60058E568 /* Resources */,
			);
			buildRules = (
			);
			dependencies = (
			);
			name = Autocrypt_iOS;
			packageProductDependencies = (
				099FF3B82C8EEF1B0058E568 /* RxCocoa */,
				099FF3BA2C8EEF1B0058E568 /* RxRelay */,
				099FF3BC2C8EEF1B0058E568 /* RxSwift */,
			);
			productName = Autocrypt_iOS;
			productReference = 099FF38A2C8EEEC60058E568 /* Autocrypt_iOS.app */;
			productType = "com.apple.product-type.application";
		};
		099FF3992C8EEEC80058E568 /* Autocrypt_iOSTests */ = {
			isa = PBXNativeTarget;
			buildConfigurationList = 099FF3B12C8EEEC80058E568 /* Build configuration list for PBXNativeTarget "Autocrypt_iOSTests" */;
			buildPhases = (
				099FF3962C8EEEC80058E568 /* Sources */,
				099FF3972C8EEEC80058E568 /* Frameworks */,
				099FF3982C8EEEC80058E568 /* Resources */,
			);
			buildRules = (
			);
			dependencies = (
				099FF39C2C8EEEC80058E568 /* PBXTargetDependency */,
			);
			name = Autocrypt_iOSTests;
			productName = Autocrypt_iOSTests;
			productReference = 099FF39A2C8EEEC80058E568 /* Autocrypt_iOSTests.xctest */;
			productType = "com.apple.product-type.bundle.unit-test";
		};
		099FF3A32C8EEEC80058E568 /* Autocrypt_iOSUITests */ = {
			isa = PBXNativeTarget;
			buildConfigurationList = 099FF3B42C8EEEC80058E568 /* Build configuration list for PBXNativeTarget "Autocrypt_iOSUITests" */;
			buildPhases = (
				099FF3A02C8EEEC80058E568 /* Sources */,
				099FF3A12C8EEEC80058E568 /* Frameworks */,
				099FF3A22C8EEEC80058E568 /* Resources */,
			);
			buildRules = (
			);
			dependencies = (
				099FF3A62C8EEEC80058E568 /* PBXTargetDependency */,
			);
			name = Autocrypt_iOSUITests;
			productName = Autocrypt_iOSUITests;
			productReference = 099FF3A42C8EEEC80058E568 /* Autocrypt_iOSUITests.xctest */;
			productType = "com.apple.product-type.bundle.ui-testing";
		};
/* End PBXNativeTarget section */

/* Begin PBXProject section */
		099FF3822C8EEEC60058E568 /* Project object */ = {
			isa = PBXProject;
			attributes = {
				BuildIndependentTargetsInParallel = 1;
				LastSwiftUpdateCheck = 1540;
				LastUpgradeCheck = 1540;
				TargetAttributes = {
					099FF3892C8EEEC60058E568 = {
						CreatedOnToolsVersion = 15.4;
					};
					099FF3992C8EEEC80058E568 = {
						CreatedOnToolsVersion = 15.4;
						TestTargetID = 099FF3892C8EEEC60058E568;
					};
					099FF3A32C8EEEC80058E568 = {
						CreatedOnToolsVersion = 15.4;
						TestTargetID = 099FF3892C8EEEC60058E568;
					};
				};
			};
			buildConfigurationList = 099FF3852C8EEEC60058E568 /* Build configuration list for PBXProject "Autocrypt_iOS" */;
			compatibilityVersion = "Xcode 14.0";
			developmentRegion = en;
			hasScannedForEncodings = 0;
			knownRegions = (
				en,
				Base,
			);
			mainGroup = 099FF3812C8EEEC60058E568;
			packageReferences = (
				099FF3B72C8EEF1A0058E568 /* XCRemoteSwiftPackageReference "RxSwift" */,
			);
			productRefGroup = 099FF38B2C8EEEC60058E568 /* Products */;
			projectDirPath = "";
			projectRoot = "";
			targets = (
				099FF3892C8EEEC60058E568 /* Autocrypt_iOS */,
				099FF3992C8EEEC80058E568 /* Autocrypt_iOSTests */,
				099FF3A32C8EEEC80058E568 /* Autocrypt_iOSUITests */,
			);
		};
/* End PBXProject section */

/* Begin PBXResourcesBuildPhase section */
		099FF3882C8EEEC60058E568 /* Resources */ = {
			isa = PBXResourcesBuildPhase;
			buildActionMask = 2147483647;
			files = (
				099FF3952C8EEEC80058E568 /* Preview Assets.xcassets in Resources */,
				099FF3922C8EEEC80058E568 /* Assets.xcassets in Resources */,
				097035972C931882000A5A48 /* Property List.plist in Resources */,
				0970358B2C91BF9E000A5A48 /* citylist.json in Resources */,
			);
			runOnlyForDeploymentPostprocessing = 0;
		};
		099FF3982C8EEEC80058E568 /* Resources */ = {
			isa = PBXResourcesBuildPhase;
			buildActionMask = 2147483647;
			files = (
			);
			runOnlyForDeploymentPostprocessing = 0;
		};
		099FF3A22C8EEEC80058E568 /* Resources */ = {
			isa = PBXResourcesBuildPhase;
			buildActionMask = 2147483647;
			files = (
			);
			runOnlyForDeploymentPostprocessing = 0;
		};
/* End PBXResourcesBuildPhase section */

/* Begin PBXSourcesBuildPhase section */
		099FF3862C8EEEC60058E568 /* Sources */ = {
			isa = PBXSourcesBuildPhase;
			buildActionMask = 2147483647;
			files = (
				0970358D2C91C19A000A5A48 /* SearchBar.swift in Sources */,
				097035992C933A06000A5A48 /* WeatherForecastData.swift in Sources */,
				097035802C903CA4000A5A48 /* WeatherRepository.swift in Sources */,
				099FF3902C8EEEC60058E568 /* MainWeatherView.swift in Sources */,
				099FF3D12C8EEF4B0058E568 /* WeatherViewModel.swift in Sources */,
				097035862C90B6C4000A5A48 /* ViewExtention.swift in Sources */,
				099FF3D02C8EEF4B0058E568 /* WeatherData.swift in Sources */,
				097035842C904237000A5A48 /* EndPoint.swift in Sources */,
				097035722C9030D9000A5A48 /* SearchWeatherView.swift in Sources */,
				0970358F2C91D680000A5A48 /* CityData.swift in Sources */,
				097035952C92DB33000A5A48 /* MapView.swift in Sources */,
				099FF38E2C8EEEC60058E568 /* Autocrypt_iOSApp.swift in Sources */,
				099FF3CE2C8EEF4B0058E568 /* FontExtension.swift in Sources */,
				097035822C903D44000A5A48 /* WeatherAPI.swift in Sources */,
				0970357C2C903691000A5A48 /* NetworkManager.swift in Sources */,
				099FF3CD2C8EEF4B0058E568 /* ColorExtension.swift in Sources */,
				097035912C91D6D8000A5A48 /* CityRepository.swift in Sources */,
				097035932C91D7D0000A5A48 /* CitySearchViewModel.swift in Sources */,
			);
			runOnlyForDeploymentPostprocessing = 0;
		};
		099FF3962C8EEEC80058E568 /* Sources */ = {
			isa = PBXSourcesBuildPhase;
			buildActionMask = 2147483647;
			files = (
				099FF39F2C8EEEC80058E568 /* Autocrypt_iOSTests.swift in Sources */,
			);
			runOnlyForDeploymentPostprocessing = 0;
		};
		099FF3A02C8EEEC80058E568 /* Sources */ = {
			isa = PBXSourcesBuildPhase;
			buildActionMask = 2147483647;
			files = (
				099FF3AB2C8EEEC80058E568 /* Autocrypt_iOSUITestsLaunchTests.swift in Sources */,
				099FF3A92C8EEEC80058E568 /* Autocrypt_iOSUITests.swift in Sources */,
			);
			runOnlyForDeploymentPostprocessing = 0;
		};
/* End PBXSourcesBuildPhase section */

/* Begin PBXTargetDependency section */
		099FF39C2C8EEEC80058E568 /* PBXTargetDependency */ = {
			isa = PBXTargetDependency;
			target = 099FF3892C8EEEC60058E568 /* Autocrypt_iOS */;
			targetProxy = 099FF39B2C8EEEC80058E568 /* PBXContainerItemProxy */;
		};
		099FF3A62C8EEEC80058E568 /* PBXTargetDependency */ = {
			isa = PBXTargetDependency;
			target = 099FF3892C8EEEC60058E568 /* Autocrypt_iOS */;
			targetProxy = 099FF3A52C8EEEC80058E568 /* PBXContainerItemProxy */;
		};
/* End PBXTargetDependency section */

/* Begin XCBuildConfiguration section */
		099FF3AC2C8EEEC80058E568 /* Debug */ = {
			isa = XCBuildConfiguration;
			buildSettings = {
				ALWAYS_SEARCH_USER_PATHS = NO;
				ASSETCATALOG_COMPILER_GENERATE_SWIFT_ASSET_SYMBOL_EXTENSIONS = YES;
				CLANG_ANALYZER_NONNULL = YES;
				CLANG_ANALYZER_NUMBER_OBJECT_CONVERSION = YES_AGGRESSIVE;
				CLANG_CXX_LANGUAGE_STANDARD = "gnu++20";
				CLANG_ENABLE_MODULES = YES;
				CLANG_ENABLE_OBJC_ARC = YES;
				CLANG_ENABLE_OBJC_WEAK = YES;
				CLANG_WARN_BLOCK_CAPTURE_AUTORELEASING = YES;
				CLANG_WARN_BOOL_CONVERSION = YES;
				CLANG_WARN_COMMA = YES;
				CLANG_WARN_CONSTANT_CONVERSION = YES;
				CLANG_WARN_DEPRECATED_OBJC_IMPLEMENTATIONS = YES;
				CLANG_WARN_DIRECT_OBJC_ISA_USAGE = YES_ERROR;
				CLANG_WARN_DOCUMENTATION_COMMENTS = YES;
				CLANG_WARN_EMPTY_BODY = YES;
				CLANG_WARN_ENUM_CONVERSION = YES;
				CLANG_WARN_INFINITE_RECURSION = YES;
				CLANG_WARN_INT_CONVERSION = YES;
				CLANG_WARN_NON_LITERAL_NULL_CONVERSION = YES;
				CLANG_WARN_OBJC_IMPLICIT_RETAIN_SELF = YES;
				CLANG_WARN_OBJC_LITERAL_CONVERSION = YES;
				CLANG_WARN_OBJC_ROOT_CLASS = YES_ERROR;
				CLANG_WARN_QUOTED_INCLUDE_IN_FRAMEWORK_HEADER = YES;
				CLANG_WARN_RANGE_LOOP_ANALYSIS = YES;
				CLANG_WARN_STRICT_PROTOTYPES = YES;
				CLANG_WARN_SUSPICIOUS_MOVE = YES;
				CLANG_WARN_UNGUARDED_AVAILABILITY = YES_AGGRESSIVE;
				CLANG_WARN_UNREACHABLE_CODE = YES;
				CLANG_WARN__DUPLICATE_METHOD_MATCH = YES;
				COPY_PHASE_STRIP = NO;
				DEBUG_INFORMATION_FORMAT = dwarf;
				ENABLE_STRICT_OBJC_MSGSEND = YES;
				ENABLE_TESTABILITY = YES;
				ENABLE_USER_SCRIPT_SANDBOXING = YES;
				GCC_C_LANGUAGE_STANDARD = gnu17;
				GCC_DYNAMIC_NO_PIC = NO;
				GCC_NO_COMMON_BLOCKS = YES;
				GCC_OPTIMIZATION_LEVEL = 0;
				GCC_PREPROCESSOR_DEFINITIONS = (
					"DEBUG=1",
					"$(inherited)",
				);
				GCC_WARN_64_TO_32_BIT_CONVERSION = YES;
				GCC_WARN_ABOUT_RETURN_TYPE = YES_ERROR;
				GCC_WARN_UNDECLARED_SELECTOR = YES;
				GCC_WARN_UNINITIALIZED_AUTOS = YES_AGGRESSIVE;
				GCC_WARN_UNUSED_FUNCTION = YES;
				GCC_WARN_UNUSED_VARIABLE = YES;
				IPHONEOS_DEPLOYMENT_TARGET = 17.5;
				LOCALIZATION_PREFERS_STRING_CATALOGS = YES;
				MTL_ENABLE_DEBUG_INFO = INCLUDE_SOURCE;
				MTL_FAST_MATH = YES;
				ONLY_ACTIVE_ARCH = YES;
				SDKROOT = iphoneos;
				SWIFT_ACTIVE_COMPILATION_CONDITIONS = "DEBUG $(inherited)";
				SWIFT_OPTIMIZATION_LEVEL = "-Onone";
			};
			name = Debug;
		};
		099FF3AD2C8EEEC80058E568 /* Release */ = {
			isa = XCBuildConfiguration;
			buildSettings = {
				ALWAYS_SEARCH_USER_PATHS = NO;
				ASSETCATALOG_COMPILER_GENERATE_SWIFT_ASSET_SYMBOL_EXTENSIONS = YES;
				CLANG_ANALYZER_NONNULL = YES;
				CLANG_ANALYZER_NUMBER_OBJECT_CONVERSION = YES_AGGRESSIVE;
				CLANG_CXX_LANGUAGE_STANDARD = "gnu++20";
				CLANG_ENABLE_MODULES = YES;
				CLANG_ENABLE_OBJC_ARC = YES;
				CLANG_ENABLE_OBJC_WEAK = YES;
				CLANG_WARN_BLOCK_CAPTURE_AUTORELEASING = YES;
				CLANG_WARN_BOOL_CONVERSION = YES;
				CLANG_WARN_COMMA = YES;
				CLANG_WARN_CONSTANT_CONVERSION = YES;
				CLANG_WARN_DEPRECATED_OBJC_IMPLEMENTATIONS = YES;
				CLANG_WARN_DIRECT_OBJC_ISA_USAGE = YES_ERROR;
				CLANG_WARN_DOCUMENTATION_COMMENTS = YES;
				CLANG_WARN_EMPTY_BODY = YES;
				CLANG_WARN_ENUM_CONVERSION = YES;
				CLANG_WARN_INFINITE_RECURSION = YES;
				CLANG_WARN_INT_CONVERSION = YES;
				CLANG_WARN_NON_LITERAL_NULL_CONVERSION = YES;
				CLANG_WARN_OBJC_IMPLICIT_RETAIN_SELF = YES;
				CLANG_WARN_OBJC_LITERAL_CONVERSION = YES;
				CLANG_WARN_OBJC_ROOT_CLASS = YES_ERROR;
				CLANG_WARN_QUOTED_INCLUDE_IN_FRAMEWORK_HEADER = YES;
				CLANG_WARN_RANGE_LOOP_ANALYSIS = YES;
				CLANG_WARN_STRICT_PROTOTYPES = YES;
				CLANG_WARN_SUSPICIOUS_MOVE = YES;
				CLANG_WARN_UNGUARDED_AVAILABILITY = YES_AGGRESSIVE;
				CLANG_WARN_UNREACHABLE_CODE = YES;
				CLANG_WARN__DUPLICATE_METHOD_MATCH = YES;
				COPY_PHASE_STRIP = NO;
				DEBUG_INFORMATION_FORMAT = "dwarf-with-dsym";
				ENABLE_NS_ASSERTIONS = NO;
				ENABLE_STRICT_OBJC_MSGSEND = YES;
				ENABLE_USER_SCRIPT_SANDBOXING = YES;
				GCC_C_LANGUAGE_STANDARD = gnu17;
				GCC_NO_COMMON_BLOCKS = YES;
				GCC_WARN_64_TO_32_BIT_CONVERSION = YES;
				GCC_WARN_ABOUT_RETURN_TYPE = YES_ERROR;
				GCC_WARN_UNDECLARED_SELECTOR = YES;
				GCC_WARN_UNINITIALIZED_AUTOS = YES_AGGRESSIVE;
				GCC_WARN_UNUSED_FUNCTION = YES;
				GCC_WARN_UNUSED_VARIABLE = YES;
				IPHONEOS_DEPLOYMENT_TARGET = 17.5;
				LOCALIZATION_PREFERS_STRING_CATALOGS = YES;
				MTL_ENABLE_DEBUG_INFO = NO;
				MTL_FAST_MATH = YES;
				SDKROOT = iphoneos;
				SWIFT_COMPILATION_MODE = wholemodule;
				VALIDATE_PRODUCT = YES;
			};
			name = Release;
		};
		099FF3AF2C8EEEC80058E568 /* Debug */ = {
			isa = XCBuildConfiguration;
			buildSettings = {
				ASSETCATALOG_COMPILER_APPICON_NAME = AppIcon;
				ASSETCATALOG_COMPILER_GLOBAL_ACCENT_COLOR_NAME = AccentColor;
				CODE_SIGN_STYLE = Automatic;
				CURRENT_PROJECT_VERSION = 1;
				DEVELOPMENT_ASSET_PATHS = "\"Autocrypt_iOS/Preview Content\"";
				DEVELOPMENT_TEAM = 74HVCP3R5F;
				ENABLE_PREVIEWS = YES;
				GENERATE_INFOPLIST_FILE = YES;
				INFOPLIST_KEY_UIApplicationSceneManifest_Generation = YES;
				INFOPLIST_KEY_UIApplicationSupportsIndirectInputEvents = YES;
				INFOPLIST_KEY_UILaunchScreen_Generation = YES;
				INFOPLIST_KEY_UISupportedInterfaceOrientations_iPad = "UIInterfaceOrientationPortrait UIInterfaceOrientationPortraitUpsideDown UIInterfaceOrientationLandscapeLeft UIInterfaceOrientationLandscapeRight";
				INFOPLIST_KEY_UISupportedInterfaceOrientations_iPhone = "UIInterfaceOrientationPortrait UIInterfaceOrientationLandscapeLeft UIInterfaceOrientationLandscapeRight";
				LD_RUNPATH_SEARCH_PATHS = (
					"$(inherited)",
					"@executable_path/Frameworks",
				);
				MARKETING_VERSION = 1.0;
				PRODUCT_BUNDLE_IDENTIFIER = "com.dev.Autocrypt-iOS";
				PRODUCT_NAME = "$(TARGET_NAME)";
				SWIFT_EMIT_LOC_STRINGS = YES;
				SWIFT_VERSION = 5.0;
				TARGETED_DEVICE_FAMILY = "1,2";
			};
			name = Debug;
		};
		099FF3B02C8EEEC80058E568 /* Release */ = {
			isa = XCBuildConfiguration;
			buildSettings = {
				ASSETCATALOG_COMPILER_APPICON_NAME = AppIcon;
				ASSETCATALOG_COMPILER_GLOBAL_ACCENT_COLOR_NAME = AccentColor;
				CODE_SIGN_STYLE = Automatic;
				CURRENT_PROJECT_VERSION = 1;
				DEVELOPMENT_ASSET_PATHS = "\"Autocrypt_iOS/Preview Content\"";
				DEVELOPMENT_TEAM = 74HVCP3R5F;
				ENABLE_PREVIEWS = YES;
				GENERATE_INFOPLIST_FILE = YES;
				INFOPLIST_KEY_UIApplicationSceneManifest_Generation = YES;
				INFOPLIST_KEY_UIApplicationSupportsIndirectInputEvents = YES;
				INFOPLIST_KEY_UILaunchScreen_Generation = YES;
				INFOPLIST_KEY_UISupportedInterfaceOrientations_iPad = "UIInterfaceOrientationPortrait UIInterfaceOrientationPortraitUpsideDown UIInterfaceOrientationLandscapeLeft UIInterfaceOrientationLandscapeRight";
				INFOPLIST_KEY_UISupportedInterfaceOrientations_iPhone = "UIInterfaceOrientationPortrait UIInterfaceOrientationLandscapeLeft UIInterfaceOrientationLandscapeRight";
				LD_RUNPATH_SEARCH_PATHS = (
					"$(inherited)",
					"@executable_path/Frameworks",
				);
				MARKETING_VERSION = 1.0;
				PRODUCT_BUNDLE_IDENTIFIER = "com.dev.Autocrypt-iOS";
				PRODUCT_NAME = "$(TARGET_NAME)";
				SWIFT_EMIT_LOC_STRINGS = YES;
				SWIFT_VERSION = 5.0;
				TARGETED_DEVICE_FAMILY = "1,2";
			};
			name = Release;
		};
		099FF3B22C8EEEC80058E568 /* Debug */ = {
			isa = XCBuildConfiguration;
			buildSettings = {
				ALWAYS_EMBED_SWIFT_STANDARD_LIBRARIES = YES;
				BUNDLE_LOADER = "$(TEST_HOST)";
				CODE_SIGN_STYLE = Automatic;
				CURRENT_PROJECT_VERSION = 1;
				DEVELOPMENT_TEAM = 74HVCP3R5F;
				GENERATE_INFOPLIST_FILE = YES;
				IPHONEOS_DEPLOYMENT_TARGET = 17.5;
				MARKETING_VERSION = 1.0;
				PRODUCT_BUNDLE_IDENTIFIER = "com.dev.Autocrypt-iOSTests";
				PRODUCT_NAME = "$(TARGET_NAME)";
				SWIFT_EMIT_LOC_STRINGS = NO;
				SWIFT_VERSION = 5.0;
				TARGETED_DEVICE_FAMILY = "1,2";
				TEST_HOST = "$(BUILT_PRODUCTS_DIR)/Autocrypt_iOS.app/$(BUNDLE_EXECUTABLE_FOLDER_PATH)/Autocrypt_iOS";
			};
			name = Debug;
		};
		099FF3B32C8EEEC80058E568 /* Release */ = {
			isa = XCBuildConfiguration;
			buildSettings = {
				ALWAYS_EMBED_SWIFT_STANDARD_LIBRARIES = YES;
				BUNDLE_LOADER = "$(TEST_HOST)";
				CODE_SIGN_STYLE = Automatic;
				CURRENT_PROJECT_VERSION = 1;
				DEVELOPMENT_TEAM = 74HVCP3R5F;
				GENERATE_INFOPLIST_FILE = YES;
				IPHONEOS_DEPLOYMENT_TARGET = 17.5;
				MARKETING_VERSION = 1.0;
				PRODUCT_BUNDLE_IDENTIFIER = "com.dev.Autocrypt-iOSTests";
				PRODUCT_NAME = "$(TARGET_NAME)";
				SWIFT_EMIT_LOC_STRINGS = NO;
				SWIFT_VERSION = 5.0;
				TARGETED_DEVICE_FAMILY = "1,2";
				TEST_HOST = "$(BUILT_PRODUCTS_DIR)/Autocrypt_iOS.app/$(BUNDLE_EXECUTABLE_FOLDER_PATH)/Autocrypt_iOS";
			};
			name = Release;
		};
		099FF3B52C8EEEC80058E568 /* Debug */ = {
			isa = XCBuildConfiguration;
			buildSettings = {
				ALWAYS_EMBED_SWIFT_STANDARD_LIBRARIES = YES;
				CODE_SIGN_STYLE = Automatic;
				CURRENT_PROJECT_VERSION = 1;
				DEVELOPMENT_TEAM = 74HVCP3R5F;
				GENERATE_INFOPLIST_FILE = YES;
				MARKETING_VERSION = 1.0;
				PRODUCT_BUNDLE_IDENTIFIER = "com.dev.Autocrypt-iOSUITests";
				PRODUCT_NAME = "$(TARGET_NAME)";
				SWIFT_EMIT_LOC_STRINGS = NO;
				SWIFT_VERSION = 5.0;
				TARGETED_DEVICE_FAMILY = "1,2";
				TEST_TARGET_NAME = Autocrypt_iOS;
			};
			name = Debug;
		};
		099FF3B62C8EEEC80058E568 /* Release */ = {
			isa = XCBuildConfiguration;
			buildSettings = {
				ALWAYS_EMBED_SWIFT_STANDARD_LIBRARIES = YES;
				CODE_SIGN_STYLE = Automatic;
				CURRENT_PROJECT_VERSION = 1;
				DEVELOPMENT_TEAM = 74HVCP3R5F;
				GENERATE_INFOPLIST_FILE = YES;
				MARKETING_VERSION = 1.0;
				PRODUCT_BUNDLE_IDENTIFIER = "com.dev.Autocrypt-iOSUITests";
				PRODUCT_NAME = "$(TARGET_NAME)";
				SWIFT_EMIT_LOC_STRINGS = NO;
				SWIFT_VERSION = 5.0;
				TARGETED_DEVICE_FAMILY = "1,2";
				TEST_TARGET_NAME = Autocrypt_iOS;
			};
			name = Release;
		};
/* End XCBuildConfiguration section */

/* Begin XCConfigurationList section */
		099FF3852C8EEEC60058E568 /* Build configuration list for PBXProject "Autocrypt_iOS" */ = {
			isa = XCConfigurationList;
			buildConfigurations = (
				099FF3AC2C8EEEC80058E568 /* Debug */,
				099FF3AD2C8EEEC80058E568 /* Release */,
			);
			defaultConfigurationIsVisible = 0;
			defaultConfigurationName = Release;
		};
		099FF3AE2C8EEEC80058E568 /* Build configuration list for PBXNativeTarget "Autocrypt_iOS" */ = {
			isa = XCConfigurationList;
			buildConfigurations = (
				099FF3AF2C8EEEC80058E568 /* Debug */,
				099FF3B02C8EEEC80058E568 /* Release */,
			);
			defaultConfigurationIsVisible = 0;
			defaultConfigurationName = Release;
		};
		099FF3B12C8EEEC80058E568 /* Build configuration list for PBXNativeTarget "Autocrypt_iOSTests" */ = {
			isa = XCConfigurationList;
			buildConfigurations = (
				099FF3B22C8EEEC80058E568 /* Debug */,
				099FF3B32C8EEEC80058E568 /* Release */,
			);
			defaultConfigurationIsVisible = 0;
			defaultConfigurationName = Release;
		};
		099FF3B42C8EEEC80058E568 /* Build configuration list for PBXNativeTarget "Autocrypt_iOSUITests" */ = {
			isa = XCConfigurationList;
			buildConfigurations = (
				099FF3B52C8EEEC80058E568 /* Debug */,
				099FF3B62C8EEEC80058E568 /* Release */,
			);
			defaultConfigurationIsVisible = 0;
			defaultConfigurationName = Release;
		};
/* End XCConfigurationList section */

/* Begin XCRemoteSwiftPackageReference section */
		099FF3B72C8EEF1A0058E568 /* XCRemoteSwiftPackageReference "RxSwift" */ = {
			isa = XCRemoteSwiftPackageReference;
			repositoryURL = "https://github.com/ReactiveX/RxSwift.git";
			requirement = {
				kind = upToNextMajorVersion;
				minimumVersion = 6.7.1;
			};
		};
/* End XCRemoteSwiftPackageReference section */

/* Begin XCSwiftPackageProductDependency section */
		099FF3B82C8EEF1B0058E568 /* RxCocoa */ = {
			isa = XCSwiftPackageProductDependency;
			package = 099FF3B72C8EEF1A0058E568 /* XCRemoteSwiftPackageReference "RxSwift" */;
			productName = RxCocoa;
		};
		099FF3BA2C8EEF1B0058E568 /* RxRelay */ = {
			isa = XCSwiftPackageProductDependency;
			package = 099FF3B72C8EEF1A0058E568 /* XCRemoteSwiftPackageReference "RxSwift" */;
			productName = RxRelay;
		};
		099FF3BC2C8EEF1B0058E568 /* RxSwift */ = {
			isa = XCSwiftPackageProductDependency;
			package = 099FF3B72C8EEF1A0058E568 /* XCRemoteSwiftPackageReference "RxSwift" */;
			productName = RxSwift;
		};
/* End XCSwiftPackageProductDependency section */
	};
	rootObject = 099FF3822C8EEEC60058E568 /* Project object */;
}
